// !$*UTF8*$!
{
	archiveVersion = 1;
	classes = {
	};
	objectVersion = 55;
	objects = {

/* Begin PBXBuildFile section */
		571878FC27F73EC400E89438 /* Constants.swift in Sources */ = {isa = PBXBuildFile; fileRef = 571878FB27F73EC400E89438 /* Constants.swift */; };
		571878FE27F7404700E89438 /* User.swift in Sources */ = {isa = PBXBuildFile; fileRef = 571878FD27F7404700E89438 /* User.swift */; };
		5718790127F741CE00E89438 /* FirebaseAuth in Frameworks */ = {isa = PBXBuildFile; productRef = 5718790027F741CE00E89438 /* FirebaseAuth */; };
		5718790327F741CE00E89438 /* FirebaseFirestore in Frameworks */ = {isa = PBXBuildFile; productRef = 5718790227F741CE00E89438 /* FirebaseFirestore */; };
		5718790527F741CE00E89438 /* FirebaseFirestoreSwift-Beta in Frameworks */ = {isa = PBXBuildFile; productRef = 5718790427F741CE00E89438 /* FirebaseFirestoreSwift-Beta */; };
		5718790727F741CE00E89438 /* FirebaseFunctions in Frameworks */ = {isa = PBXBuildFile; productRef = 5718790627F741CE00E89438 /* FirebaseFunctions */; };
		5718790927F741CE00E89438 /* FirebaseMessaging in Frameworks */ = {isa = PBXBuildFile; productRef = 5718790827F741CE00E89438 /* FirebaseMessaging */; };
		5718790B27F741CE00E89438 /* FirebaseStorage in Frameworks */ = {isa = PBXBuildFile; productRef = 5718790A27F741CE00E89438 /* FirebaseStorage */; };
		5718790D27F743D100E89438 /* SearchViewModel.swift in Sources */ = {isa = PBXBuildFile; fileRef = 5718790C27F743D100E89438 /* SearchViewModel.swift */; };
		572EB88F27FDF2600015472C /* ProfileViewModel.swift in Sources */ = {isa = PBXBuildFile; fileRef = 572EB88E27FDF2600015472C /* ProfileViewModel.swift */; };
		573AFD2B27F4721A0083822C /* Kingfisher in Frameworks */ = {isa = PBXBuildFile; productRef = 573AFD2A27F4721A0083822C /* Kingfisher */; };
		573AFD2D27F477270083822C /* AuthViewModel.swift in Sources */ = {isa = PBXBuildFile; fileRef = 573AFD2C27F477270083822C /* AuthViewModel.swift */; };
		573AFD2F27F47E7F0083822C /* ImageUploader.swift in Sources */ = {isa = PBXBuildFile; fileRef = 573AFD2E27F47E7E0083822C /* ImageUploader.swift */; };
		576A1B1527EB5D880065776D /* InstaCloneApp.swift in Sources */ = {isa = PBXBuildFile; fileRef = 576A1B1427EB5D880065776D /* InstaCloneApp.swift */; };
		576A1B1727EB5D880065776D /* ContentView.swift in Sources */ = {isa = PBXBuildFile; fileRef = 576A1B1627EB5D880065776D /* ContentView.swift */; };
		576A1B1927EB5D8D0065776D /* Assets.xcassets in Resources */ = {isa = PBXBuildFile; fileRef = 576A1B1827EB5D8D0065776D /* Assets.xcassets */; };
		576A1B1C27EB5D8D0065776D /* Preview Assets.xcassets in Resources */ = {isa = PBXBuildFile; fileRef = 576A1B1B27EB5D8D0065776D /* Preview Assets.xcassets */; };
		576A1B3527EB5E8B0065776D /* MainTabView.swift in Sources */ = {isa = PBXBuildFile; fileRef = 576A1B3427EB5E8B0065776D /* MainTabView.swift */; };
		576A1B3727EB5EBE0065776D /* FeedView.swift in Sources */ = {isa = PBXBuildFile; fileRef = 576A1B3627EB5EBE0065776D /* FeedView.swift */; };
		576A1B3927EB5EE00065776D /* SearchView.swift in Sources */ = {isa = PBXBuildFile; fileRef = 576A1B3827EB5EE00065776D /* SearchView.swift */; };
		576A1B3B27EB5EF20065776D /* NotificationsView.swift in Sources */ = {isa = PBXBuildFile; fileRef = 576A1B3A27EB5EF20065776D /* NotificationsView.swift */; };
		576A1B3D27EB5F040065776D /* UploadPostView.swift in Sources */ = {isa = PBXBuildFile; fileRef = 576A1B3C27EB5F040065776D /* UploadPostView.swift */; };
		576A1B3F27EB5F1D0065776D /* ProfileView.swift in Sources */ = {isa = PBXBuildFile; fileRef = 576A1B3E27EB5F1C0065776D /* ProfileView.swift */; };
		576A1B4127EB62060065776D /* FeedCell.swift in Sources */ = {isa = PBXBuildFile; fileRef = 576A1B4027EB62060065776D /* FeedCell.swift */; };
		5776609E28038ACB00DD3B8B /* UploadViewModel.swift in Sources */ = {isa = PBXBuildFile; fileRef = 5776609D28038ACB00DD3B8B /* UploadViewModel.swift */; };
		577660A02803967200DD3B8B /* TextArea.swift in Sources */ = {isa = PBXBuildFile; fileRef = 5776609F2803967200DD3B8B /* TextArea.swift */; };
		579596F1280702F100596EEC /* Post.swift in Sources */ = {isa = PBXBuildFile; fileRef = 579596F0280702F100596EEC /* Post.swift */; };
		579596F3280703CF00596EEC /* FeedViewModel.swift in Sources */ = {isa = PBXBuildFile; fileRef = 579596F2280703CF00596EEC /* FeedViewModel.swift */; };
		579596F528070C3500596EEC /* PostGridViewModel.swift in Sources */ = {isa = PBXBuildFile; fileRef = 579596F428070C3500596EEC /* PostGridViewModel.swift */; };
		57A267F227F35C1C000CAAC7 /* ImagePicker.swift in Sources */ = {isa = PBXBuildFile; fileRef = 57A267F127F35C1C000CAAC7 /* ImagePicker.swift */; };
		57A267F427F36458000CAAC7 /* LoginView.swift in Sources */ = {isa = PBXBuildFile; fileRef = 57A267F327F36458000CAAC7 /* LoginView.swift */; };
		57A267F627F36463000CAAC7 /* RegistrationView.swift in Sources */ = {isa = PBXBuildFile; fileRef = 57A267F527F36463000CAAC7 /* RegistrationView.swift */; };
		57A267F827F36471000CAAC7 /* ResetPasswordView.swift in Sources */ = {isa = PBXBuildFile; fileRef = 57A267F727F36471000CAAC7 /* ResetPasswordView.swift */; };
		57A267FA27F368A7000CAAC7 /* CustomTextField.swift in Sources */ = {isa = PBXBuildFile; fileRef = 57A267F927F368A7000CAAC7 /* CustomTextField.swift */; };
		57A267FC27F368BA000CAAC7 /* CustomSecureField.swift in Sources */ = {isa = PBXBuildFile; fileRef = 57A267FB27F368BA000CAAC7 /* CustomSecureField.swift */; };
		57A267FE27F3B31D000CAAC7 /* GoogleService-Info.plist in Resources */ = {isa = PBXBuildFile; fileRef = 57A267FD27F3B31D000CAAC7 /* GoogleService-Info.plist */; };
		57BDF00827F206BA0010925C /* SearchBar.swift in Sources */ = {isa = PBXBuildFile; fileRef = 57BDF00727F206BA0010925C /* SearchBar.swift */; };
		57BDF00A27F20AC80010925C /* PostGridView.swift in Sources */ = {isa = PBXBuildFile; fileRef = 57BDF00927F20AC80010925C /* PostGridView.swift */; };
		57BDF00C27F20C940010925C /* UserCell.swift in Sources */ = {isa = PBXBuildFile; fileRef = 57BDF00B27F20C940010925C /* UserCell.swift */; };
		57BDF00E27F20CB50010925C /* UserListView.swift in Sources */ = {isa = PBXBuildFile; fileRef = 57BDF00D27F20CB50010925C /* UserListView.swift */; };
		57BE018127FF157F00343105 /* UserService.swift in Sources */ = {isa = PBXBuildFile; fileRef = 57BE018027FF157F00343105 /* UserService.swift */; };
		57EB4DF227F2175A00874818 /* Ext+UIApplication.swift in Sources */ = {isa = PBXBuildFile; fileRef = 57EB4DF127F2175A00874818 /* Ext+UIApplication.swift */; };
		57EB4DF427F21B3600874818 /* NotificationCell.swift in Sources */ = {isa = PBXBuildFile; fileRef = 57EB4DF327F21B3600874818 /* NotificationCell.swift */; };
		57EB4DF627F2416800874818 /* ProfileHeaderView.swift in Sources */ = {isa = PBXBuildFile; fileRef = 57EB4DF527F2416800874818 /* ProfileHeaderView.swift */; };
		57EB4DF827F260C300874818 /* UserStatView.swift in Sources */ = {isa = PBXBuildFile; fileRef = 57EB4DF727F260C300874818 /* UserStatView.swift */; };
		57EB4DFA27F264D400874818 /* ProfileActionButtonView.swift in Sources */ = {isa = PBXBuildFile; fileRef = 57EB4DF927F264D400874818 /* ProfileActionButtonView.swift */; };
/* End PBXBuildFile section */

/* Begin PBXFileReference section */
		571878FB27F73EC400E89438 /* Constants.swift */ = {isa = PBXFileReference; lastKnownFileType = sourcecode.swift; path = Constants.swift; sourceTree = "<group>"; };
		571878FD27F7404700E89438 /* User.swift */ = {isa = PBXFileReference; lastKnownFileType = sourcecode.swift; path = User.swift; sourceTree = "<group>"; };
		5718790C27F743D100E89438 /* SearchViewModel.swift */ = {isa = PBXFileReference; lastKnownFileType = sourcecode.swift; path = SearchViewModel.swift; sourceTree = "<group>"; };
		572EB88E27FDF2600015472C /* ProfileViewModel.swift */ = {isa = PBXFileReference; lastKnownFileType = sourcecode.swift; path = ProfileViewModel.swift; sourceTree = "<group>"; };
		573AFD2C27F477270083822C /* AuthViewModel.swift */ = {isa = PBXFileReference; lastKnownFileType = sourcecode.swift; path = AuthViewModel.swift; sourceTree = "<group>"; };
		573AFD2E27F47E7E0083822C /* ImageUploader.swift */ = {isa = PBXFileReference; lastKnownFileType = sourcecode.swift; path = ImageUploader.swift; sourceTree = "<group>"; };
		576A1B1127EB5D880065776D /* InstaClone.app */ = {isa = PBXFileReference; explicitFileType = wrapper.application; includeInIndex = 0; path = InstaClone.app; sourceTree = BUILT_PRODUCTS_DIR; };
		576A1B1427EB5D880065776D /* InstaCloneApp.swift */ = {isa = PBXFileReference; lastKnownFileType = sourcecode.swift; path = InstaCloneApp.swift; sourceTree = "<group>"; };
		576A1B1627EB5D880065776D /* ContentView.swift */ = {isa = PBXFileReference; lastKnownFileType = sourcecode.swift; path = ContentView.swift; sourceTree = "<group>"; };
		576A1B1827EB5D8D0065776D /* Assets.xcassets */ = {isa = PBXFileReference; lastKnownFileType = folder.assetcatalog; path = Assets.xcassets; sourceTree = "<group>"; };
		576A1B1B27EB5D8D0065776D /* Preview Assets.xcassets */ = {isa = PBXFileReference; lastKnownFileType = folder.assetcatalog; path = "Preview Assets.xcassets"; sourceTree = "<group>"; };
		576A1B3427EB5E8B0065776D /* MainTabView.swift */ = {isa = PBXFileReference; lastKnownFileType = sourcecode.swift; path = MainTabView.swift; sourceTree = "<group>"; };
		576A1B3627EB5EBE0065776D /* FeedView.swift */ = {isa = PBXFileReference; lastKnownFileType = sourcecode.swift; path = FeedView.swift; sourceTree = "<group>"; };
		576A1B3827EB5EE00065776D /* SearchView.swift */ = {isa = PBXFileReference; lastKnownFileType = sourcecode.swift; path = SearchView.swift; sourceTree = "<group>"; };
		576A1B3A27EB5EF20065776D /* NotificationsView.swift */ = {isa = PBXFileReference; lastKnownFileType = sourcecode.swift; path = NotificationsView.swift; sourceTree = "<group>"; };
		576A1B3C27EB5F040065776D /* UploadPostView.swift */ = {isa = PBXFileReference; lastKnownFileType = sourcecode.swift; path = UploadPostView.swift; sourceTree = "<group>"; };
		576A1B3E27EB5F1C0065776D /* ProfileView.swift */ = {isa = PBXFileReference; lastKnownFileType = sourcecode.swift; path = ProfileView.swift; sourceTree = "<group>"; };
		576A1B4027EB62060065776D /* FeedCell.swift */ = {isa = PBXFileReference; lastKnownFileType = sourcecode.swift; path = FeedCell.swift; sourceTree = "<group>"; };
		5776609D28038ACB00DD3B8B /* UploadViewModel.swift */ = {isa = PBXFileReference; lastKnownFileType = sourcecode.swift; path = UploadViewModel.swift; sourceTree = "<group>"; };
		5776609F2803967200DD3B8B /* TextArea.swift */ = {isa = PBXFileReference; lastKnownFileType = sourcecode.swift; path = TextArea.swift; sourceTree = "<group>"; };
		579596F0280702F100596EEC /* Post.swift */ = {isa = PBXFileReference; lastKnownFileType = sourcecode.swift; path = Post.swift; sourceTree = "<group>"; };
		579596F2280703CF00596EEC /* FeedViewModel.swift */ = {isa = PBXFileReference; lastKnownFileType = sourcecode.swift; path = FeedViewModel.swift; sourceTree = "<group>"; };
		579596F428070C3500596EEC /* PostGridViewModel.swift */ = {isa = PBXFileReference; lastKnownFileType = sourcecode.swift; path = PostGridViewModel.swift; sourceTree = "<group>"; };
		57A267F127F35C1C000CAAC7 /* ImagePicker.swift */ = {isa = PBXFileReference; lastKnownFileType = sourcecode.swift; path = ImagePicker.swift; sourceTree = "<group>"; };
		57A267F327F36458000CAAC7 /* LoginView.swift */ = {isa = PBXFileReference; lastKnownFileType = sourcecode.swift; path = LoginView.swift; sourceTree = "<group>"; };
		57A267F527F36463000CAAC7 /* RegistrationView.swift */ = {isa = PBXFileReference; lastKnownFileType = sourcecode.swift; path = RegistrationView.swift; sourceTree = "<group>"; };
		57A267F727F36471000CAAC7 /* ResetPasswordView.swift */ = {isa = PBXFileReference; lastKnownFileType = sourcecode.swift; path = ResetPasswordView.swift; sourceTree = "<group>"; };
		57A267F927F368A7000CAAC7 /* CustomTextField.swift */ = {isa = PBXFileReference; lastKnownFileType = sourcecode.swift; path = CustomTextField.swift; sourceTree = "<group>"; };
		57A267FB27F368BA000CAAC7 /* CustomSecureField.swift */ = {isa = PBXFileReference; lastKnownFileType = sourcecode.swift; path = CustomSecureField.swift; sourceTree = "<group>"; };
		57A267FD27F3B31D000CAAC7 /* GoogleService-Info.plist */ = {isa = PBXFileReference; fileEncoding = 4; lastKnownFileType = text.plist.xml; path = "GoogleService-Info.plist"; sourceTree = "<group>"; };
		57BDF00727F206BA0010925C /* SearchBar.swift */ = {isa = PBXFileReference; lastKnownFileType = sourcecode.swift; path = SearchBar.swift; sourceTree = "<group>"; };
		57BDF00927F20AC80010925C /* PostGridView.swift */ = {isa = PBXFileReference; lastKnownFileType = sourcecode.swift; path = PostGridView.swift; sourceTree = "<group>"; };
		57BDF00B27F20C940010925C /* UserCell.swift */ = {isa = PBXFileReference; lastKnownFileType = sourcecode.swift; path = UserCell.swift; sourceTree = "<group>"; };
		57BDF00D27F20CB50010925C /* UserListView.swift */ = {isa = PBXFileReference; lastKnownFileType = sourcecode.swift; path = UserListView.swift; sourceTree = "<group>"; };
		57BE018027FF157F00343105 /* UserService.swift */ = {isa = PBXFileReference; lastKnownFileType = sourcecode.swift; path = UserService.swift; sourceTree = "<group>"; };
		57EB4DF127F2175A00874818 /* Ext+UIApplication.swift */ = {isa = PBXFileReference; lastKnownFileType = sourcecode.swift; path = "Ext+UIApplication.swift"; sourceTree = "<group>"; };
		57EB4DF327F21B3600874818 /* NotificationCell.swift */ = {isa = PBXFileReference; lastKnownFileType = sourcecode.swift; path = NotificationCell.swift; sourceTree = "<group>"; };
		57EB4DF527F2416800874818 /* ProfileHeaderView.swift */ = {isa = PBXFileReference; lastKnownFileType = sourcecode.swift; path = ProfileHeaderView.swift; sourceTree = "<group>"; };
		57EB4DF727F260C300874818 /* UserStatView.swift */ = {isa = PBXFileReference; lastKnownFileType = sourcecode.swift; path = UserStatView.swift; sourceTree = "<group>"; };
		57EB4DF927F264D400874818 /* ProfileActionButtonView.swift */ = {isa = PBXFileReference; lastKnownFileType = sourcecode.swift; path = ProfileActionButtonView.swift; sourceTree = "<group>"; };
/* End PBXFileReference section */

/* Begin PBXFrameworksBuildPhase section */
		576A1B0E27EB5D880065776D /* Frameworks */ = {
			isa = PBXFrameworksBuildPhase;
			buildActionMask = 2147483647;
			files = (
				5718790927F741CE00E89438 /* FirebaseMessaging in Frameworks */,
				573AFD2B27F4721A0083822C /* Kingfisher in Frameworks */,
				5718790527F741CE00E89438 /* FirebaseFirestoreSwift-Beta in Frameworks */,
				5718790727F741CE00E89438 /* FirebaseFunctions in Frameworks */,
				5718790B27F741CE00E89438 /* FirebaseStorage in Frameworks */,
				5718790127F741CE00E89438 /* FirebaseAuth in Frameworks */,
				5718790327F741CE00E89438 /* FirebaseFirestore in Frameworks */,
			);
			runOnlyForDeploymentPostprocessing = 0;
		};
/* End PBXFrameworksBuildPhase section */

/* Begin PBXGroup section */
		576A1B0827EB5D880065776D = {
			isa = PBXGroup;
			children = (
				576A1B1327EB5D880065776D /* InstaClone */,
				576A1B1227EB5D880065776D /* Products */,
			);
			sourceTree = "<group>";
		};
		576A1B1227EB5D880065776D /* Products */ = {
			isa = PBXGroup;
			children = (
				576A1B1127EB5D880065776D /* InstaClone.app */,
			);
			name = Products;
			sourceTree = "<group>";
		};
		576A1B1327EB5D880065776D /* InstaClone */ = {
			isa = PBXGroup;
			children = (
				576A1B2427EB5DB40065776D /* Model */,
				576A1B2227EB5DA90065776D /* View */,
				576A1B2627EB5DB80065776D /* ViewModel */,
				576A1B2727EB5DB90065776D /* Utils */,
				576A1B2527EB5DB70065776D /* API */,
				576A1B1427EB5D880065776D /* InstaCloneApp.swift */,
				57A267FD27F3B31D000CAAC7 /* GoogleService-Info.plist */,
				576A1B1827EB5D8D0065776D /* Assets.xcassets */,
				576A1B1A27EB5D8D0065776D /* Preview Content */,
			);
			path = InstaClone;
			sourceTree = "<group>";
		};
		576A1B1A27EB5D8D0065776D /* Preview Content */ = {
			isa = PBXGroup;
			children = (
				576A1B1B27EB5D8D0065776D /* Preview Assets.xcassets */,
			);
			path = "Preview Content";
			sourceTree = "<group>";
		};
		576A1B2227EB5DA90065776D /* View */ = {
			isa = PBXGroup;
			children = (
				576A1B2327EB5DAA0065776D /* Main */,
				576A1B2F27EB5DF60065776D /* Items */,
				576A1B2E27EB5DF10065776D /* Authentication */,
				576A1B2D27EB5DEC0065776D /* Notification */,
				576A1B2C27EB5DE70065776D /* Search */,
				576A1B2B27EB5DE40065776D /* Comments */,
				576A1B2A27EB5DE00065776D /* Feed */,
				576A1B2927EB5DDB0065776D /* Profile */,
				576A1B2827EB5DD40065776D /* UploadPost */,
			);
			path = View;
			sourceTree = "<group>";
		};
		576A1B2327EB5DAA0065776D /* Main */ = {
			isa = PBXGroup;
			children = (
				576A1B1627EB5D880065776D /* ContentView.swift */,
				576A1B3427EB5E8B0065776D /* MainTabView.swift */,
			);
			path = Main;
			sourceTree = "<group>";
		};
		576A1B2427EB5DB40065776D /* Model */ = {
			isa = PBXGroup;
			children = (
				571878FD27F7404700E89438 /* User.swift */,
				579596F0280702F100596EEC /* Post.swift */,
			);
			path = Model;
			sourceTree = "<group>";
		};
		576A1B2527EB5DB70065776D /* API */ = {
			isa = PBXGroup;
			children = (
				573AFD2E27F47E7E0083822C /* ImageUploader.swift */,
				57BE018027FF157F00343105 /* UserService.swift */,
			);
			path = API;
			sourceTree = "<group>";
		};
		576A1B2627EB5DB80065776D /* ViewModel */ = {
			isa = PBXGroup;
			children = (
				576A1B3327EB5E1E0065776D /* Profile */,
				576A1B3227EB5E170065776D /* Authentication */,
				576A1B3127EB5E120065776D /* Notifications */,
				576A1B3027EB5E0F0065776D /* Feed */,
				5718790C27F743D100E89438 /* SearchViewModel.swift */,
				5776609D28038ACB00DD3B8B /* UploadViewModel.swift */,
				579596F428070C3500596EEC /* PostGridViewModel.swift */,
			);
			path = ViewModel;
			sourceTree = "<group>";
		};
		576A1B2727EB5DB90065776D /* Utils */ = {
			isa = PBXGroup;
			children = (
				57EB4DF127F2175A00874818 /* Ext+UIApplication.swift */,
				57A267F127F35C1C000CAAC7 /* ImagePicker.swift */,
				57A267F927F368A7000CAAC7 /* CustomTextField.swift */,
				57A267FB27F368BA000CAAC7 /* CustomSecureField.swift */,
				571878FB27F73EC400E89438 /* Constants.swift */,
				5776609F2803967200DD3B8B /* TextArea.swift */,
			);
			path = Utils;
			sourceTree = "<group>";
		};
		576A1B2827EB5DD40065776D /* UploadPost */ = {
			isa = PBXGroup;
			children = (
				576A1B3C27EB5F040065776D /* UploadPostView.swift */,
			);
			path = UploadPost;
			sourceTree = "<group>";
		};
		576A1B2927EB5DDB0065776D /* Profile */ = {
			isa = PBXGroup;
			children = (
				576A1B3E27EB5F1C0065776D /* ProfileView.swift */,
				57EB4DF527F2416800874818 /* ProfileHeaderView.swift */,
				57EB4DF727F260C300874818 /* UserStatView.swift */,
				57EB4DF927F264D400874818 /* ProfileActionButtonView.swift */,
			);
			path = Profile;
			sourceTree = "<group>";
		};
		576A1B2A27EB5DE00065776D /* Feed */ = {
			isa = PBXGroup;
			children = (
				576A1B3627EB5EBE0065776D /* FeedView.swift */,
				576A1B4027EB62060065776D /* FeedCell.swift */,
			);
			path = Feed;
			sourceTree = "<group>";
		};
		576A1B2B27EB5DE40065776D /* Comments */ = {
			isa = PBXGroup;
			children = (
			);
			path = Comments;
			sourceTree = "<group>";
		};
		576A1B2C27EB5DE70065776D /* Search */ = {
			isa = PBXGroup;
			children = (
				576A1B3827EB5EE00065776D /* SearchView.swift */,
				57BDF00727F206BA0010925C /* SearchBar.swift */,
			);
			path = Search;
			sourceTree = "<group>";
		};
		576A1B2D27EB5DEC0065776D /* Notification */ = {
			isa = PBXGroup;
			children = (
				576A1B3A27EB5EF20065776D /* NotificationsView.swift */,
				57EB4DF327F21B3600874818 /* NotificationCell.swift */,
			);
			path = Notification;
			sourceTree = "<group>";
		};
		576A1B2E27EB5DF10065776D /* Authentication */ = {
			isa = PBXGroup;
			children = (
				57A267F327F36458000CAAC7 /* LoginView.swift */,
				57A267F527F36463000CAAC7 /* RegistrationView.swift */,
				57A267F727F36471000CAAC7 /* ResetPasswordView.swift */,
			);
			path = Authentication;
			sourceTree = "<group>";
		};
		576A1B2F27EB5DF60065776D /* Items */ = {
			isa = PBXGroup;
			children = (
				57BDF00927F20AC80010925C /* PostGridView.swift */,
				57BDF00B27F20C940010925C /* UserCell.swift */,
				57BDF00D27F20CB50010925C /* UserListView.swift */,
			);
			path = Items;
			sourceTree = "<group>";
		};
		576A1B3027EB5E0F0065776D /* Feed */ = {
			isa = PBXGroup;
			children = (
				579596F2280703CF00596EEC /* FeedViewModel.swift */,
			);
			path = Feed;
			sourceTree = "<group>";
		};
		576A1B3127EB5E120065776D /* Notifications */ = {
			isa = PBXGroup;
			children = (
			);
			path = Notifications;
			sourceTree = "<group>";
		};
		576A1B3227EB5E170065776D /* Authentication */ = {
			isa = PBXGroup;
			children = (
				573AFD2C27F477270083822C /* AuthViewModel.swift */,
			);
			path = Authentication;
			sourceTree = "<group>";
		};
		576A1B3327EB5E1E0065776D /* Profile */ = {
			isa = PBXGroup;
			children = (
				572EB88E27FDF2600015472C /* ProfileViewModel.swift */,
			);
			path = Profile;
			sourceTree = "<group>";
		};
/* End PBXGroup section */

/* Begin PBXNativeTarget section */
		576A1B1027EB5D880065776D /* InstaClone */ = {
			isa = PBXNativeTarget;
			buildConfigurationList = 576A1B1F27EB5D8D0065776D /* Build configuration list for PBXNativeTarget "InstaClone" */;
			buildPhases = (
				576A1B0D27EB5D880065776D /* Sources */,
				576A1B0E27EB5D880065776D /* Frameworks */,
				576A1B0F27EB5D880065776D /* Resources */,
			);
			buildRules = (
			);
			dependencies = (
			);
			name = InstaClone;
			packageProductDependencies = (
				573AFD2A27F4721A0083822C /* Kingfisher */,
				5718790027F741CE00E89438 /* FirebaseAuth */,
				5718790227F741CE00E89438 /* FirebaseFirestore */,
				5718790427F741CE00E89438 /* FirebaseFirestoreSwift-Beta */,
				5718790627F741CE00E89438 /* FirebaseFunctions */,
				5718790827F741CE00E89438 /* FirebaseMessaging */,
				5718790A27F741CE00E89438 /* FirebaseStorage */,
			);
			productName = InstaClone;
			productReference = 576A1B1127EB5D880065776D /* InstaClone.app */;
			productType = "com.apple.product-type.application";
		};
/* End PBXNativeTarget section */

/* Begin PBXProject section */
		576A1B0927EB5D880065776D /* Project object */ = {
			isa = PBXProject;
			attributes = {
				BuildIndependentTargetsInParallel = 1;
				LastSwiftUpdateCheck = 1330;
				LastUpgradeCheck = 1330;
				TargetAttributes = {
					576A1B1027EB5D880065776D = {
						CreatedOnToolsVersion = 13.3;
					};
				};
			};
			buildConfigurationList = 576A1B0C27EB5D880065776D /* Build configuration list for PBXProject "InstaClone" */;
			compatibilityVersion = "Xcode 13.0";
			developmentRegion = en;
			hasScannedForEncodings = 0;
			knownRegions = (
				en,
				Base,
			);
			mainGroup = 576A1B0827EB5D880065776D;
			packageReferences = (
				573AFD2927F472190083822C /* XCRemoteSwiftPackageReference "Kingfisher" */,
				571878FF27F741CE00E89438 /* XCRemoteSwiftPackageReference "firebase-ios-sdk" */,
			);
			productRefGroup = 576A1B1227EB5D880065776D /* Products */;
			projectDirPath = "";
			projectRoot = "";
			targets = (
				576A1B1027EB5D880065776D /* InstaClone */,
			);
		};
/* End PBXProject section */

/* Begin PBXResourcesBuildPhase section */
		576A1B0F27EB5D880065776D /* Resources */ = {
			isa = PBXResourcesBuildPhase;
			buildActionMask = 2147483647;
			files = (
				576A1B1C27EB5D8D0065776D /* Preview Assets.xcassets in Resources */,
				576A1B1927EB5D8D0065776D /* Assets.xcassets in Resources */,
				57A267FE27F3B31D000CAAC7 /* GoogleService-Info.plist in Resources */,
			);
			runOnlyForDeploymentPostprocessing = 0;
		};
/* End PBXResourcesBuildPhase section */

/* Begin PBXSourcesBuildPhase section */
		576A1B0D27EB5D880065776D /* Sources */ = {
			isa = PBXSourcesBuildPhase;
			buildActionMask = 2147483647;
			files = (
				579596F3280703CF00596EEC /* FeedViewModel.swift in Sources */,
				576A1B3F27EB5F1D0065776D /* ProfileView.swift in Sources */,
				5776609E28038ACB00DD3B8B /* UploadViewModel.swift in Sources */,
				576A1B3927EB5EE00065776D /* SearchView.swift in Sources */,
				57BDF00A27F20AC80010925C /* PostGridView.swift in Sources */,
				57A267F627F36463000CAAC7 /* RegistrationView.swift in Sources */,
				57A267FA27F368A7000CAAC7 /* CustomTextField.swift in Sources */,
				573AFD2F27F47E7F0083822C /* ImageUploader.swift in Sources */,
				576A1B3727EB5EBE0065776D /* FeedView.swift in Sources */,
				576A1B3D27EB5F040065776D /* UploadPostView.swift in Sources */,
				579596F528070C3500596EEC /* PostGridViewModel.swift in Sources */,
				576A1B1727EB5D880065776D /* ContentView.swift in Sources */,
				57A267F827F36471000CAAC7 /* ResetPasswordView.swift in Sources */,
				57EB4DF227F2175A00874818 /* Ext+UIApplication.swift in Sources */,
				57A267F227F35C1C000CAAC7 /* ImagePicker.swift in Sources */,
				577660A02803967200DD3B8B /* TextArea.swift in Sources */,
				57EB4DF627F2416800874818 /* ProfileHeaderView.swift in Sources */,
				57BE018127FF157F00343105 /* UserService.swift in Sources */,
				576A1B1527EB5D880065776D /* InstaCloneApp.swift in Sources */,
				57EB4DF827F260C300874818 /* UserStatView.swift in Sources */,
				576A1B3527EB5E8B0065776D /* MainTabView.swift in Sources */,
				57BDF00C27F20C940010925C /* UserCell.swift in Sources */,
				57A267FC27F368BA000CAAC7 /* CustomSecureField.swift in Sources */,
				579596F1280702F100596EEC /* Post.swift in Sources */,
				5718790D27F743D100E89438 /* SearchViewModel.swift in Sources */,
				57BDF00827F206BA0010925C /* SearchBar.swift in Sources */,
				576A1B3B27EB5EF20065776D /* NotificationsView.swift in Sources */,
				571878FE27F7404700E89438 /* User.swift in Sources */,
				57EB4DFA27F264D400874818 /* ProfileActionButtonView.swift in Sources */,
				573AFD2D27F477270083822C /* AuthViewModel.swift in Sources */,
				572EB88F27FDF2600015472C /* ProfileViewModel.swift in Sources */,
				576A1B4127EB62060065776D /* FeedCell.swift in Sources */,
				57EB4DF427F21B3600874818 /* NotificationCell.swift in Sources */,
				57A267F427F36458000CAAC7 /* LoginView.swift in Sources */,
				57BDF00E27F20CB50010925C /* UserListView.swift in Sources */,
				571878FC27F73EC400E89438 /* Constants.swift in Sources */,
			);
			runOnlyForDeploymentPostprocessing = 0;
		};
/* End PBXSourcesBuildPhase section */

/* Begin XCBuildConfiguration section */
		576A1B1D27EB5D8D0065776D /* Debug */ = {
			isa = XCBuildConfiguration;
			buildSettings = {
				ALWAYS_SEARCH_USER_PATHS = NO;
				CLANG_ANALYZER_NONNULL = YES;
				CLANG_ANALYZER_NUMBER_OBJECT_CONVERSION = YES_AGGRESSIVE;
				CLANG_CXX_LANGUAGE_STANDARD = "gnu++17";
				CLANG_ENABLE_MODULES = YES;
				CLANG_ENABLE_OBJC_ARC = YES;
				CLANG_ENABLE_OBJC_WEAK = YES;
				CLANG_WARN_BLOCK_CAPTURE_AUTORELEASING = YES;
				CLANG_WARN_BOOL_CONVERSION = YES;
				CLANG_WARN_COMMA = YES;
				CLANG_WARN_CONSTANT_CONVERSION = YES;
				CLANG_WARN_DEPRECATED_OBJC_IMPLEMENTATIONS = YES;
				CLANG_WARN_DIRECT_OBJC_ISA_USAGE = YES_ERROR;
				CLANG_WARN_DOCUMENTATION_COMMENTS = YES;
				CLANG_WARN_EMPTY_BODY = YES;
				CLANG_WARN_ENUM_CONVERSION = YES;
				CLANG_WARN_INFINITE_RECURSION = YES;
				CLANG_WARN_INT_CONVERSION = YES;
				CLANG_WARN_NON_LITERAL_NULL_CONVERSION = YES;
				CLANG_WARN_OBJC_IMPLICIT_RETAIN_SELF = YES;
				CLANG_WARN_OBJC_LITERAL_CONVERSION = YES;
				CLANG_WARN_OBJC_ROOT_CLASS = YES_ERROR;
				CLANG_WARN_QUOTED_INCLUDE_IN_FRAMEWORK_HEADER = YES;
				CLANG_WARN_RANGE_LOOP_ANALYSIS = YES;
				CLANG_WARN_STRICT_PROTOTYPES = YES;
				CLANG_WARN_SUSPICIOUS_MOVE = YES;
				CLANG_WARN_UNGUARDED_AVAILABILITY = YES_AGGRESSIVE;
				CLANG_WARN_UNREACHABLE_CODE = YES;
				CLANG_WARN__DUPLICATE_METHOD_MATCH = YES;
				COPY_PHASE_STRIP = NO;
				DEBUG_INFORMATION_FORMAT = dwarf;
				ENABLE_STRICT_OBJC_MSGSEND = YES;
				ENABLE_TESTABILITY = YES;
				GCC_C_LANGUAGE_STANDARD = gnu11;
				GCC_DYNAMIC_NO_PIC = NO;
				GCC_NO_COMMON_BLOCKS = YES;
				GCC_OPTIMIZATION_LEVEL = 0;
				GCC_PREPROCESSOR_DEFINITIONS = (
					"DEBUG=1",
					"$(inherited)",
				);
				GCC_WARN_64_TO_32_BIT_CONVERSION = YES;
				GCC_WARN_ABOUT_RETURN_TYPE = YES_ERROR;
				GCC_WARN_UNDECLARED_SELECTOR = YES;
				GCC_WARN_UNINITIALIZED_AUTOS = YES_AGGRESSIVE;
				GCC_WARN_UNUSED_FUNCTION = YES;
				GCC_WARN_UNUSED_VARIABLE = YES;
				IPHONEOS_DEPLOYMENT_TARGET = 15.4;
				MTL_ENABLE_DEBUG_INFO = INCLUDE_SOURCE;
				MTL_FAST_MATH = YES;
				ONLY_ACTIVE_ARCH = YES;
				SDKROOT = iphoneos;
				SWIFT_ACTIVE_COMPILATION_CONDITIONS = DEBUG;
				SWIFT_OPTIMIZATION_LEVEL = "-Onone";
			};
			name = Debug;
		};
		576A1B1E27EB5D8D0065776D /* Release */ = {
			isa = XCBuildConfiguration;
			buildSettings = {
				ALWAYS_SEARCH_USER_PATHS = NO;
				CLANG_ANALYZER_NONNULL = YES;
				CLANG_ANALYZER_NUMBER_OBJECT_CONVERSION = YES_AGGRESSIVE;
				CLANG_CXX_LANGUAGE_STANDARD = "gnu++17";
				CLANG_ENABLE_MODULES = YES;
				CLANG_ENABLE_OBJC_ARC = YES;
				CLANG_ENABLE_OBJC_WEAK = YES;
				CLANG_WARN_BLOCK_CAPTURE_AUTORELEASING = YES;
				CLANG_WARN_BOOL_CONVERSION = YES;
				CLANG_WARN_COMMA = YES;
				CLANG_WARN_CONSTANT_CONVERSION = YES;
				CLANG_WARN_DEPRECATED_OBJC_IMPLEMENTATIONS = YES;
				CLANG_WARN_DIRECT_OBJC_ISA_USAGE = YES_ERROR;
				CLANG_WARN_DOCUMENTATION_COMMENTS = YES;
				CLANG_WARN_EMPTY_BODY = YES;
				CLANG_WARN_ENUM_CONVERSION = YES;
				CLANG_WARN_INFINITE_RECURSION = YES;
				CLANG_WARN_INT_CONVERSION = YES;
				CLANG_WARN_NON_LITERAL_NULL_CONVERSION = YES;
				CLANG_WARN_OBJC_IMPLICIT_RETAIN_SELF = YES;
				CLANG_WARN_OBJC_LITERAL_CONVERSION = YES;
				CLANG_WARN_OBJC_ROOT_CLASS = YES_ERROR;
				CLANG_WARN_QUOTED_INCLUDE_IN_FRAMEWORK_HEADER = YES;
				CLANG_WARN_RANGE_LOOP_ANALYSIS = YES;
				CLANG_WARN_STRICT_PROTOTYPES = YES;
				CLANG_WARN_SUSPICIOUS_MOVE = YES;
				CLANG_WARN_UNGUARDED_AVAILABILITY = YES_AGGRESSIVE;
				CLANG_WARN_UNREACHABLE_CODE = YES;
				CLANG_WARN__DUPLICATE_METHOD_MATCH = YES;
				COPY_PHASE_STRIP = NO;
				DEBUG_INFORMATION_FORMAT = "dwarf-with-dsym";
				ENABLE_NS_ASSERTIONS = NO;
				ENABLE_STRICT_OBJC_MSGSEND = YES;
				GCC_C_LANGUAGE_STANDARD = gnu11;
				GCC_NO_COMMON_BLOCKS = YES;
				GCC_WARN_64_TO_32_BIT_CONVERSION = YES;
				GCC_WARN_ABOUT_RETURN_TYPE = YES_ERROR;
				GCC_WARN_UNDECLARED_SELECTOR = YES;
				GCC_WARN_UNINITIALIZED_AUTOS = YES_AGGRESSIVE;
				GCC_WARN_UNUSED_FUNCTION = YES;
				GCC_WARN_UNUSED_VARIABLE = YES;
				IPHONEOS_DEPLOYMENT_TARGET = 15.4;
				MTL_ENABLE_DEBUG_INFO = NO;
				MTL_FAST_MATH = YES;
				SDKROOT = iphoneos;
				SWIFT_COMPILATION_MODE = wholemodule;
				SWIFT_OPTIMIZATION_LEVEL = "-O";
				VALIDATE_PRODUCT = YES;
			};
			name = Release;
		};
		576A1B2027EB5D8D0065776D /* Debug */ = {
			isa = XCBuildConfiguration;
			buildSettings = {
				ASSETCATALOG_COMPILER_APPICON_NAME = AppIcon;
				ASSETCATALOG_COMPILER_GLOBAL_ACCENT_COLOR_NAME = AccentColor;
				CODE_SIGN_STYLE = Automatic;
				CURRENT_PROJECT_VERSION = 1;
				DEVELOPMENT_ASSET_PATHS = "\"InstaClone/Preview Content\"";
				DEVELOPMENT_TEAM = 62739J54F9;
				ENABLE_PREVIEWS = YES;
				GENERATE_INFOPLIST_FILE = YES;
				INFOPLIST_KEY_UIApplicationSceneManifest_Generation = YES;
				INFOPLIST_KEY_UIApplicationSupportsIndirectInputEvents = YES;
				INFOPLIST_KEY_UILaunchScreen_Generation = YES;
				INFOPLIST_KEY_UISupportedInterfaceOrientations_iPad = "UIInterfaceOrientationPortrait UIInterfaceOrientationPortraitUpsideDown UIInterfaceOrientationLandscapeLeft UIInterfaceOrientationLandscapeRight";
				INFOPLIST_KEY_UISupportedInterfaceOrientations_iPhone = "UIInterfaceOrientationPortrait UIInterfaceOrientationLandscapeLeft UIInterfaceOrientationLandscapeRight";
				LD_RUNPATH_SEARCH_PATHS = (
					"$(inherited)",
					"@executable_path/Frameworks",
				);
				MARKETING_VERSION = 1.0;
				PRODUCT_BUNDLE_IDENTIFIER = com.yuksekyusuf.InstaClone;
				PRODUCT_NAME = "$(TARGET_NAME)";
				SWIFT_EMIT_LOC_STRINGS = YES;
				SWIFT_VERSION = 5.0;
				TARGETED_DEVICE_FAMILY = "1,2";
			};
			name = Debug;
		};
		576A1B2127EB5D8D0065776D /* Release */ = {
			isa = XCBuildConfiguration;
			buildSettings = {
				ASSETCATALOG_COMPILER_APPICON_NAME = AppIcon;
				ASSETCATALOG_COMPILER_GLOBAL_ACCENT_COLOR_NAME = AccentColor;
				CODE_SIGN_STYLE = Automatic;
				CURRENT_PROJECT_VERSION = 1;
				DEVELOPMENT_ASSET_PATHS = "\"InstaClone/Preview Content\"";
				DEVELOPMENT_TEAM = 62739J54F9;
				ENABLE_PREVIEWS = YES;
				GENERATE_INFOPLIST_FILE = YES;
				INFOPLIST_KEY_UIApplicationSceneManifest_Generation = YES;
				INFOPLIST_KEY_UIApplicationSupportsIndirectInputEvents = YES;
				INFOPLIST_KEY_UILaunchScreen_Generation = YES;
				INFOPLIST_KEY_UISupportedInterfaceOrientations_iPad = "UIInterfaceOrientationPortrait UIInterfaceOrientationPortraitUpsideDown UIInterfaceOrientationLandscapeLeft UIInterfaceOrientationLandscapeRight";
				INFOPLIST_KEY_UISupportedInterfaceOrientations_iPhone = "UIInterfaceOrientationPortrait UIInterfaceOrientationLandscapeLeft UIInterfaceOrientationLandscapeRight";
				LD_RUNPATH_SEARCH_PATHS = (
					"$(inherited)",
					"@executable_path/Frameworks",
				);
				MARKETING_VERSION = 1.0;
				PRODUCT_BUNDLE_IDENTIFIER = com.yuksekyusuf.InstaClone;
				PRODUCT_NAME = "$(TARGET_NAME)";
				SWIFT_EMIT_LOC_STRINGS = YES;
				SWIFT_VERSION = 5.0;
				TARGETED_DEVICE_FAMILY = "1,2";
			};
			name = Release;
		};
/* End XCBuildConfiguration section */

/* Begin XCConfigurationList section */
		576A1B0C27EB5D880065776D /* Build configuration list for PBXProject "InstaClone" */ = {
			isa = XCConfigurationList;
			buildConfigurations = (
				576A1B1D27EB5D8D0065776D /* Debug */,
				576A1B1E27EB5D8D0065776D /* Release */,
			);
			defaultConfigurationIsVisible = 0;
			defaultConfigurationName = Release;
		};
		576A1B1F27EB5D8D0065776D /* Build configuration list for PBXNativeTarget "InstaClone" */ = {
			isa = XCConfigurationList;
			buildConfigurations = (
				576A1B2027EB5D8D0065776D /* Debug */,
				576A1B2127EB5D8D0065776D /* Release */,
			);
			defaultConfigurationIsVisible = 0;
			defaultConfigurationName = Release;
		};
/* End XCConfigurationList section */

/* Begin XCRemoteSwiftPackageReference section */
		571878FF27F741CE00E89438 /* XCRemoteSwiftPackageReference "firebase-ios-sdk" */ = {
			isa = XCRemoteSwiftPackageReference;
			repositoryURL = "https://github.com/firebase/firebase-ios-sdk.git";
			requirement = {
				kind = upToNextMajorVersion;
				minimumVersion = 8.10.0;
			};
		};
		573AFD2927F472190083822C /* XCRemoteSwiftPackageReference "Kingfisher" */ = {
			isa = XCRemoteSwiftPackageReference;
			repositoryURL = "https://github.com/onevcat/Kingfisher.git";
			requirement = {
				kind = upToNextMajorVersion;
				minimumVersion = 7.0.0;
			};
		};
/* End XCRemoteSwiftPackageReference section */

/* Begin XCSwiftPackageProductDependency section */
		5718790027F741CE00E89438 /* FirebaseAuth */ = {
			isa = XCSwiftPackageProductDependency;
			package = 571878FF27F741CE00E89438 /* XCRemoteSwiftPackageReference "firebase-ios-sdk" */;
			productName = FirebaseAuth;
		};
		5718790227F741CE00E89438 /* FirebaseFirestore */ = {
			isa = XCSwiftPackageProductDependency;
			package = 571878FF27F741CE00E89438 /* XCRemoteSwiftPackageReference "firebase-ios-sdk" */;
			productName = FirebaseFirestore;
		};
		5718790427F741CE00E89438 /* FirebaseFirestoreSwift-Beta */ = {
			isa = XCSwiftPackageProductDependency;
			package = 571878FF27F741CE00E89438 /* XCRemoteSwiftPackageReference "firebase-ios-sdk" */;
			productName = "FirebaseFirestoreSwift-Beta";
		};
		5718790627F741CE00E89438 /* FirebaseFunctions */ = {
			isa = XCSwiftPackageProductDependency;
			package = 571878FF27F741CE00E89438 /* XCRemoteSwiftPackageReference "firebase-ios-sdk" */;
			productName = FirebaseFunctions;
		};
		5718790827F741CE00E89438 /* FirebaseMessaging */ = {
			isa = XCSwiftPackageProductDependency;
			package = 571878FF27F741CE00E89438 /* XCRemoteSwiftPackageReference "firebase-ios-sdk" */;
			productName = FirebaseMessaging;
		};
		5718790A27F741CE00E89438 /* FirebaseStorage */ = {
			isa = XCSwiftPackageProductDependency;
			package = 571878FF27F741CE00E89438 /* XCRemoteSwiftPackageReference "firebase-ios-sdk" */;
			productName = FirebaseStorage;
		};
		573AFD2A27F4721A0083822C /* Kingfisher */ = {
			isa = XCSwiftPackageProductDependency;
			package = 573AFD2927F472190083822C /* XCRemoteSwiftPackageReference "Kingfisher" */;
			productName = Kingfisher;
		};
/* End XCSwiftPackageProductDependency section */
	};
	rootObject = 576A1B0927EB5D880065776D /* Project object */;
}
